
Microsoft Visual Studio Solution File, Format Version 12.00
# Visual Studio Version 16
VisualStudioVersion = 16.0.29326.143
MinimumVisualStudioVersion = 10.0.40219.1
Project("{FAE04EC0-301F-11D3-BF4B-00C04F79EFBC}") = "A_LvLMod2Less_1", "A_LvLMod2Less_1\A_LvLMod2Less_1.csproj", "{005DE10B-FEDC-423D-B986-399FBA262DB7}"
EndProject
Global
	GlobalSection(SolutionConfigurationPlatforms) = preSolution
		Debug|Any CPU = Debug|Any CPU
		Release|Any CPU = Release|Any CPU
	EndGlobalSection
	GlobalSection(ProjectConfigurationPlatforms) = postSolution
		{005DE10B-FEDC-423D-B986-399FBA262DB7}.Debug|Any CPU.ActiveCfg = Debug|Any CPU
		{005DE10B-FEDC-423D-B986-399FBA262DB7}.Debug|Any CPU.Build.0 = Debug|Any CPU
		{005DE10B-FEDC-423D-B986-399FBA262DB7}.Release|Any CPU.ActiveCfg = Release|Any CPU
		{005DE10B-FEDC-423D-B986-399FBA262DB7}.Release|Any CPU.Build.0 = Release|Any CPU
	EndGlobalSection
	GlobalSection(SolutionProperties) = preSolution
		HideSolutionNode = FALSE
	EndGlobalSection
	GlobalSection(ExtensibilityGlobals) = postSolution
		SolutionGuid = {93514BB2-DE64-43CB-9D10-B61078B7AB13}
	EndGlobalSection
EndGlobal
